
Microsoft Visual Studio Solution File, Format Version 12.00
# Visual Studio Version 16
VisualStudioVersion = 16.0.30011.22
MinimumVisualStudioVersion = 10.0.40219.1
Project("{FAE04EC0-301F-11D3-BF4B-00C04F79EFBC}") = "CelsE.Common", "CelsE.Common\CelsE.Common.csproj", "{3DB62B1B-98F8-4E42-91EB-61028472FEE5}"
EndProject
Project("{FAE04EC0-301F-11D3-BF4B-00C04F79EFBC}") = "CelsE.Web", "CelsE.Web\CelsE.Web.csproj", "{B6887D51-9D99-4FAC-9894-11F71F1C686C}"
EndProject
Project("{FAE04EC0-301F-11D3-BF4B-00C04F79EFBC}") = "CelsE.Prism", "CelsE.Prism\CelsE.Prism\CelsE.Prism.csproj", "{DBB23FCD-3BD9-4D0A-9A76-8E983B124BC2}"
EndProject
Project("{FAE04EC0-301F-11D3-BF4B-00C04F79EFBC}") = "CelsE.Prism.Android", "CelsE.Prism\CelsE.Prism.Android\CelsE.Prism.Android.csproj", "{6FA81328-BF9F-43E8-BA7E-A539A7A57867}"
EndProject
Project("{FAE04EC0-301F-11D3-BF4B-00C04F79EFBC}") = "CelsE.Prism.iOS", "CelsE.Prism\CelsE.Prism.iOS\CelsE.Prism.iOS.csproj", "{AB355EDF-1CD9-4D08-B8E6-B215F0AB6A4D}"
EndProject
Global
	GlobalSection(SolutionConfigurationPlatforms) = preSolution
		Ad-Hoc|Any CPU = Ad-Hoc|Any CPU
		Ad-Hoc|iPhone = Ad-Hoc|iPhone
		Ad-Hoc|iPhoneSimulator = Ad-Hoc|iPhoneSimulator
		AppStore|Any CPU = AppStore|Any CPU
		AppStore|iPhone = AppStore|iPhone
		AppStore|iPhoneSimulator = AppStore|iPhoneSimulator
		Debug|Any CPU = Debug|Any CPU
		Debug|iPhone = Debug|iPhone
		Debug|iPhoneSimulator = Debug|iPhoneSimulator
		Release|Any CPU = Release|Any CPU
		Release|iPhone = Release|iPhone
		Release|iPhoneSimulator = Release|iPhoneSimulator
	EndGlobalSection
	GlobalSection(ProjectConfigurationPlatforms) = postSolution
		{3DB62B1B-98F8-4E42-91EB-61028472FEE5}.Ad-Hoc|Any CPU.ActiveCfg = Debug|Any CPU
		{3DB62B1B-98F8-4E42-91EB-61028472FEE5}.Ad-Hoc|Any CPU.Build.0 = Debug|Any CPU
		{3DB62B1B-98F8-4E42-91EB-61028472FEE5}.Ad-Hoc|iPhone.ActiveCfg = Debug|Any CPU
		{3DB62B1B-98F8-4E42-91EB-61028472FEE5}.Ad-Hoc|iPhone.Build.0 = Debug|Any CPU
		{3DB62B1B-98F8-4E42-91EB-61028472FEE5}.Ad-Hoc|iPhoneSimulator.ActiveCfg = Debug|Any CPU
		{3DB62B1B-98F8-4E42-91EB-61028472FEE5}.Ad-Hoc|iPhoneSimulator.Build.0 = Debug|Any CPU
		{3DB62B1B-98F8-4E42-91EB-61028472FEE5}.AppStore|Any CPU.ActiveCfg = Debug|Any CPU
		{3DB62B1B-98F8-4E42-91EB-61028472FEE5}.AppStore|Any CPU.Build.0 = Debug|Any CPU
		{3DB62B1B-98F8-4E42-91EB-61028472FEE5}.AppStore|iPhone.ActiveCfg = Debug|Any CPU
		{3DB62B1B-98F8-4E42-91EB-61028472FEE5}.AppStore|iPhone.Build.0 = Debug|Any CPU
		{3DB62B1B-98F8-4E42-91EB-61028472FEE5}.AppStore|iPhoneSimulator.ActiveCfg = Debug|Any CPU
		{3DB62B1B-98F8-4E42-91EB-61028472FEE5}.AppStore|iPhoneSimulator.Build.0 = Debug|Any CPU
		{3DB62B1B-98F8-4E42-91EB-61028472FEE5}.Debug|Any CPU.ActiveCfg = Debug|Any CPU
		{3DB62B1B-98F8-4E42-91EB-61028472FEE5}.Debug|Any CPU.Build.0 = Debug|Any CPU
		{3DB62B1B-98F8-4E42-91EB-61028472FEE5}.Debug|iPhone.ActiveCfg = Debug|Any CPU
		{3DB62B1B-98F8-4E42-91EB-61028472FEE5}.Debug|iPhone.Build.0 = Debug|Any CPU
		{3DB62B1B-98F8-4E42-91EB-61028472FEE5}.Debug|iPhoneSimulator.ActiveCfg = Debug|Any CPU
		{3DB62B1B-98F8-4E42-91EB-61028472FEE5}.Debug|iPhoneSimulator.Build.0 = Debug|Any CPU
		{3DB62B1B-98F8-4E42-91EB-61028472FEE5}.Release|Any CPU.ActiveCfg = Release|Any CPU
		{3DB62B1B-98F8-4E42-91EB-61028472FEE5}.Release|Any CPU.Build.0 = Release|Any CPU
		{3DB62B1B-98F8-4E42-91EB-61028472FEE5}.Release|iPhone.ActiveCfg = Release|Any CPU
		{3DB62B1B-98F8-4E42-91EB-61028472FEE5}.Release|iPhone.Build.0 = Release|Any CPU
		{3DB62B1B-98F8-4E42-91EB-61028472FEE5}.Release|iPhoneSimulator.ActiveCfg = Release|Any CPU
		{3DB62B1B-98F8-4E42-91EB-61028472FEE5}.Release|iPhoneSimulator.Build.0 = Release|Any CPU
		{B6887D51-9D99-4FAC-9894-11F71F1C686C}.Ad-Hoc|Any CPU.ActiveCfg = Debug|Any CPU
		{B6887D51-9D99-4FAC-9894-11F71F1C686C}.Ad-Hoc|Any CPU.Build.0 = Debug|Any CPU
		{B6887D51-9D99-4FAC-9894-11F71F1C686C}.Ad-Hoc|iPhone.ActiveCfg = Debug|Any CPU
		{B6887D51-9D99-4FAC-9894-11F71F1C686C}.Ad-Hoc|iPhone.Build.0 = Debug|Any CPU
		{B6887D51-9D99-4FAC-9894-11F71F1C686C}.Ad-Hoc|iPhoneSimulator.ActiveCfg = Debug|Any CPU
		{B6887D51-9D99-4FAC-9894-11F71F1C686C}.Ad-Hoc|iPhoneSimulator.Build.0 = Debug|Any CPU
		{B6887D51-9D99-4FAC-9894-11F71F1C686C}.AppStore|Any CPU.ActiveCfg = Debug|Any CPU
		{B6887D51-9D99-4FAC-9894-11F71F1C686C}.AppStore|Any CPU.Build.0 = Debug|Any CPU
		{B6887D51-9D99-4FAC-9894-11F71F1C686C}.AppStore|iPhone.ActiveCfg = Debug|Any CPU
		{B6887D51-9D99-4FAC-9894-11F71F1C686C}.AppStore|iPhone.Build.0 = Debug|Any CPU
		{B6887D51-9D99-4FAC-9894-11F71F1C686C}.AppStore|iPhoneSimulator.ActiveCfg = Debug|Any CPU
		{B6887D51-9D99-4FAC-9894-11F71F1C686C}.AppStore|iPhoneSimulator.Build.0 = Debug|Any CPU
		{B6887D51-9D99-4FAC-9894-11F71F1C686C}.Debug|Any CPU.ActiveCfg = Debug|Any CPU
		{B6887D51-9D99-4FAC-9894-11F71F1C686C}.Debug|Any CPU.Build.0 = Debug|Any CPU
		{B6887D51-9D99-4FAC-9894-11F71F1C686C}.Debug|iPhone.ActiveCfg = Debug|Any CPU
		{B6887D51-9D99-4FAC-9894-11F71F1C686C}.Debug|iPhone.Build.0 = Debug|Any CPU
		{B6887D51-9D99-4FAC-9894-11F71F1C686C}.Debug|iPhoneSimulator.ActiveCfg = Debug|Any CPU
		{B6887D51-9D99-4FAC-9894-11F71F1C686C}.Debug|iPhoneSimulator.Build.0 = Debug|Any CPU
		{B6887D51-9D99-4FAC-9894-11F71F1C686C}.Release|Any CPU.ActiveCfg = Release|Any CPU
		{B6887D51-9D99-4FAC-9894-11F71F1C686C}.Release|Any CPU.Build.0 = Release|Any CPU
		{B6887D51-9D99-4FAC-9894-11F71F1C686C}.Release|iPhone.ActiveCfg = Release|Any CPU
		{B6887D51-9D99-4FAC-9894-11F71F1C686C}.Release|iPhone.Build.0 = Release|Any CPU
		{B6887D51-9D99-4FAC-9894-11F71F1C686C}.Release|iPhoneSimulator.ActiveCfg = Release|Any CPU
		{B6887D51-9D99-4FAC-9894-11F71F1C686C}.Release|iPhoneSimulator.Build.0 = Release|Any CPU
		{DBB23FCD-3BD9-4D0A-9A76-8E983B124BC2}.Ad-Hoc|Any CPU.ActiveCfg = Debug|Any CPU
		{DBB23FCD-3BD9-4D0A-9A76-8E983B124BC2}.Ad-Hoc|Any CPU.Build.0 = Debug|Any CPU
		{DBB23FCD-3BD9-4D0A-9A76-8E983B124BC2}.Ad-Hoc|iPhone.ActiveCfg = Debug|Any CPU
		{DBB23FCD-3BD9-4D0A-9A76-8E983B124BC2}.Ad-Hoc|iPhone.Build.0 = Debug|Any CPU
		{DBB23FCD-3BD9-4D0A-9A76-8E983B124BC2}.Ad-Hoc|iPhoneSimulator.ActiveCfg = Debug|Any CPU
		{DBB23FCD-3BD9-4D0A-9A76-8E983B124BC2}.Ad-Hoc|iPhoneSimulator.Build.0 = Debug|Any CPU
		{DBB23FCD-3BD9-4D0A-9A76-8E983B124BC2}.AppStore|Any CPU.ActiveCfg = Debug|Any CPU
		{DBB23FCD-3BD9-4D0A-9A76-8E983B124BC2}.AppStore|Any CPU.Build.0 = Debug|Any CPU
		{DBB23FCD-3BD9-4D0A-9A76-8E983B124BC2}.AppStore|iPhone.ActiveCfg = Debug|Any CPU
		{DBB23FCD-3BD9-4D0A-9A76-8E983B124BC2}.AppStore|iPhone.Build.0 = Debug|Any CPU
		{DBB23FCD-3BD9-4D0A-9A76-8E983B124BC2}.AppStore|iPhoneSimulator.ActiveCfg = Debug|Any CPU
		{DBB23FCD-3BD9-4D0A-9A76-8E983B124BC2}.AppStore|iPhoneSimulator.Build.0 = Debug|Any CPU
		{DBB23FCD-3BD9-4D0A-9A76-8E983B124BC2}.Debug|Any CPU.ActiveCfg = Debug|Any CPU
		{DBB23FCD-3BD9-4D0A-9A76-8E983B124BC2}.Debug|Any CPU.Build.0 = Debug|Any CPU
		{DBB23FCD-3BD9-4D0A-9A76-8E983B124BC2}.Debug|iPhone.ActiveCfg = Debug|Any CPU
		{DBB23FCD-3BD9-4D0A-9A76-8E983B124BC2}.Debug|iPhone.Build.0 = Debug|Any CPU
		{DBB23FCD-3BD9-4D0A-9A76-8E983B124BC2}.Debug|iPhoneSimulator.ActiveCfg = Debug|Any CPU
		{DBB23FCD-3BD9-4D0A-9A76-8E983B124BC2}.Debug|iPhoneSimulator.Build.0 = Debug|Any CPU
		{DBB23FCD-3BD9-4D0A-9A76-8E983B124BC2}.Release|Any CPU.ActiveCfg = Release|Any CPU
		{DBB23FCD-3BD9-4D0A-9A76-8E983B124BC2}.Release|Any CPU.Build.0 = Release|Any CPU
		{DBB23FCD-3BD9-4D0A-9A76-8E983B124BC2}.Release|iPhone.ActiveCfg = Release|Any CPU
		{DBB23FCD-3BD9-4D0A-9A76-8E983B124BC2}.Release|iPhone.Build.0 = Release|Any CPU
		{DBB23FCD-3BD9-4D0A-9A76-8E983B124BC2}.Release|iPhoneSimulator.ActiveCfg = Release|Any CPU
		{DBB23FCD-3BD9-4D0A-9A76-8E983B124BC2}.Release|iPhoneSimulator.Build.0 = Release|Any CPU
		{6FA81328-BF9F-43E8-BA7E-A539A7A57867}.Ad-Hoc|Any CPU.ActiveCfg = Release|Any CPU
		{6FA81328-BF9F-43E8-BA7E-A539A7A57867}.Ad-Hoc|Any CPU.Build.0 = Release|Any CPU
		{6FA81328-BF9F-43E8-BA7E-A539A7A57867}.Ad-Hoc|Any CPU.Deploy.0 = Release|Any CPU
		{6FA81328-BF9F-43E8-BA7E-A539A7A57867}.Ad-Hoc|iPhone.ActiveCfg = Release|Any CPU
		{6FA81328-BF9F-43E8-BA7E-A539A7A57867}.Ad-Hoc|iPhone.Build.0 = Release|Any CPU
		{6FA81328-BF9F-43E8-BA7E-A539A7A57867}.Ad-Hoc|iPhone.Deploy.0 = Release|Any CPU
		{6FA81328-BF9F-43E8-BA7E-A539A7A57867}.Ad-Hoc|iPhoneSimulator.ActiveCfg = Release|Any CPU
		{6FA81328-BF9F-43E8-BA7E-A539A7A57867}.Ad-Hoc|iPhoneSimulator.Build.0 = Release|Any CPU
		{6FA81328-BF9F-43E8-BA7E-A539A7A57867}.Ad-Hoc|iPhoneSimulator.Deploy.0 = Release|Any CPU
		{6FA81328-BF9F-43E8-BA7E-A539A7A57867}.AppStore|Any CPU.ActiveCfg = Release|Any CPU
		{6FA81328-BF9F-43E8-BA7E-A539A7A57867}.AppStore|Any CPU.Build.0 = Release|Any CPU
		{6FA81328-BF9F-43E8-BA7E-A539A7A57867}.AppStore|Any CPU.Deploy.0 = Release|Any CPU
		{6FA81328-BF9F-43E8-BA7E-A539A7A57867}.AppStore|iPhone.ActiveCfg = Release|Any CPU
		{6FA81328-BF9F-43E8-BA7E-A539A7A57867}.AppStore|iPhone.Build.0 = Release|Any CPU
		{6FA81328-BF9F-43E8-BA7E-A539A7A57867}.AppStore|iPhone.Deploy.0 = Release|Any CPU
		{6FA81328-BF9F-43E8-BA7E-A539A7A57867}.AppStore|iPhoneSimulator.ActiveCfg = Release|Any CPU
		{6FA81328-BF9F-43E8-BA7E-A539A7A57867}.AppStore|iPhoneSimulator.Build.0 = Release|Any CPU
		{6FA81328-BF9F-43E8-BA7E-A539A7A57867}.AppStore|iPhoneSimulator.Deploy.0 = Release|Any CPU
		{6FA81328-BF9F-43E8-BA7E-A539A7A57867}.Debug|Any CPU.ActiveCfg = Debug|Any CPU
		{6FA81328-BF9F-43E8-BA7E-A539A7A57867}.Debug|Any CPU.Build.0 = Debug|Any CPU
		{6FA81328-BF9F-43E8-BA7E-A539A7A57867}.Debug|Any CPU.Deploy.0 = Debug|Any CPU
		{6FA81328-BF9F-43E8-BA7E-A539A7A57867}.Debug|iPhone.ActiveCfg = Debug|Any CPU
		{6FA81328-BF9F-43E8-BA7E-A539A7A57867}.Debug|iPhone.Build.0 = Debug|Any CPU
		{6FA81328-BF9F-43E8-BA7E-A539A7A57867}.Debug|iPhone.Deploy.0 = Debug|Any CPU
		{6FA81328-BF9F-43E8-BA7E-A539A7A57867}.Debug|iPhoneSimulator.ActiveCfg = Debug|Any CPU
		{6FA81328-BF9F-43E8-BA7E-A539A7A57867}.Debug|iPhoneSimulator.Build.0 = Debug|Any CPU
		{6FA81328-BF9F-43E8-BA7E-A539A7A57867}.Debug|iPhoneSimulator.Deploy.0 = Debug|Any CPU
		{6FA81328-BF9F-43E8-BA7E-A539A7A57867}.Release|Any CPU.ActiveCfg = Release|Any CPU
		{6FA81328-BF9F-43E8-BA7E-A539A7A57867}.Release|Any CPU.Build.0 = Release|Any CPU
		{6FA81328-BF9F-43E8-BA7E-A539A7A57867}.Release|Any CPU.Deploy.0 = Release|Any CPU
		{6FA81328-BF9F-43E8-BA7E-A539A7A57867}.Release|iPhone.ActiveCfg = Release|Any CPU
		{6FA81328-BF9F-43E8-BA7E-A539A7A57867}.Release|iPhone.Build.0 = Release|Any CPU
		{6FA81328-BF9F-43E8-BA7E-A539A7A57867}.Release|iPhone.Deploy.0 = Release|Any CPU
		{6FA81328-BF9F-43E8-BA7E-A539A7A57867}.Release|iPhoneSimulator.ActiveCfg = Release|Any CPU
		{6FA81328-BF9F-43E8-BA7E-A539A7A57867}.Release|iPhoneSimulator.Build.0 = Release|Any CPU
		{6FA81328-BF9F-43E8-BA7E-A539A7A57867}.Release|iPhoneSimulator.Deploy.0 = Release|Any CPU
		{AB355EDF-1CD9-4D08-B8E6-B215F0AB6A4D}.Ad-Hoc|Any CPU.ActiveCfg = Ad-Hoc|iPhone
		{AB355EDF-1CD9-4D08-B8E6-B215F0AB6A4D}.Ad-Hoc|iPhone.ActiveCfg = Ad-Hoc|iPhone
		{AB355EDF-1CD9-4D08-B8E6-B215F0AB6A4D}.Ad-Hoc|iPhone.Build.0 = Ad-Hoc|iPhone
		{AB355EDF-1CD9-4D08-B8E6-B215F0AB6A4D}.Ad-Hoc|iPhoneSimulator.ActiveCfg = Ad-Hoc|iPhoneSimulator
		{AB355EDF-1CD9-4D08-B8E6-B215F0AB6A4D}.Ad-Hoc|iPhoneSimulator.Build.0 = Ad-Hoc|iPhoneSimulator
		{AB355EDF-1CD9-4D08-B8E6-B215F0AB6A4D}.AppStore|Any CPU.ActiveCfg = AppStore|iPhone
		{AB355EDF-1CD9-4D08-B8E6-B215F0AB6A4D}.AppStore|iPhone.ActiveCfg = AppStore|iPhone
		{AB355EDF-1CD9-4D08-B8E6-B215F0AB6A4D}.AppStore|iPhone.Build.0 = AppStore|iPhone
		{AB355EDF-1CD9-4D08-B8E6-B215F0AB6A4D}.AppStore|iPhoneSimulator.ActiveCfg = AppStore|iPhoneSimulator
		{AB355EDF-1CD9-4D08-B8E6-B215F0AB6A4D}.AppStore|iPhoneSimulator.Build.0 = AppStore|iPhoneSimulator
		{AB355EDF-1CD9-4D08-B8E6-B215F0AB6A4D}.Debug|Any CPU.ActiveCfg = Debug|iPhone
		{AB355EDF-1CD9-4D08-B8E6-B215F0AB6A4D}.Debug|iPhone.ActiveCfg = Debug|iPhone
		{AB355EDF-1CD9-4D08-B8E6-B215F0AB6A4D}.Debug|iPhone.Build.0 = Debug|iPhone
		{AB355EDF-1CD9-4D08-B8E6-B215F0AB6A4D}.Debug|iPhoneSimulator.ActiveCfg = Debug|iPhoneSimulator
		{AB355EDF-1CD9-4D08-B8E6-B215F0AB6A4D}.Debug|iPhoneSimulator.Build.0 = Debug|iPhoneSimulator
		{AB355EDF-1CD9-4D08-B8E6-B215F0AB6A4D}.Release|Any CPU.ActiveCfg = Release|iPhone
		{AB355EDF-1CD9-4D08-B8E6-B215F0AB6A4D}.Release|iPhone.ActiveCfg = Release|iPhone
		{AB355EDF-1CD9-4D08-B8E6-B215F0AB6A4D}.Release|iPhone.Build.0 = Release|iPhone
		{AB355EDF-1CD9-4D08-B8E6-B215F0AB6A4D}.Release|iPhoneSimulator.ActiveCfg = Release|iPhoneSimulator
		{AB355EDF-1CD9-4D08-B8E6-B215F0AB6A4D}.Release|iPhoneSimulator.Build.0 = Release|iPhoneSimulator
	EndGlobalSection
	GlobalSection(SolutionProperties) = preSolution
		HideSolutionNode = FALSE
	EndGlobalSection
	GlobalSection(ExtensibilityGlobals) = postSolution
		SolutionGuid = {08451708-26BC-4E6A-A0AB-73DB083A76C9}
	EndGlobalSection
EndGlobal
